
Microsoft Visual Studio Solution File, Format Version 12.00
Project("{FAE04EC0-301F-11D3-BF4B-00C04F79EFBC}") = "Web", "Web\Web.csproj", "{9BE47992-FEFC-4042-A49A-666255AA18D8}"
EndProject
Project("{2150E333-8FDC-42A3-9474-1A3956D46DE8}") = "Solution Items", "Solution Items", "{65B9713F-0218-4E53-94FF-BC03438ADAAD}"
	ProjectSection(SolutionItems) = preProject
		docker-compose.yml = docker-compose.yml
	EndProjectSection
EndProject
Project("{FAE04EC0-301F-11D3-BF4B-00C04F79EFBC}") = "Application", "Application\Application.csproj", "{D23B75DE-5099-432E-BE81-7DACDD83206B}"
EndProject
Project("{FAE04EC0-301F-11D3-BF4B-00C04F79EFBC}") = "Domain", "Domain\Domain.csproj", "{1DD792BA-FA16-4737-A27E-B0DC38DC4A93}"
EndProject
Project("{FAE04EC0-301F-11D3-BF4B-00C04F79EFBC}") = "Infrastructure", "Infrastructure\Infrastructure.csproj", "{ED2E8DC4-C0AC-4701-8CBE-66B3AFA75E12}"
EndProject
Project("{FAE04EC0-301F-11D3-BF4B-00C04F79EFBC}") = "Tests", "Tests\Tests.csproj", "{A2835C92-342B-4CAE-8F2B-7B0001BE5511}"
EndProject
Global
	GlobalSection(SolutionConfigurationPlatforms) = preSolution
		Debug|Any CPU = Debug|Any CPU
		Release|Any CPU = Release|Any CPU
	EndGlobalSection
	GlobalSection(ProjectConfigurationPlatforms) = postSolution
		{9BE47992-FEFC-4042-A49A-666255AA18D8}.Debug|Any CPU.ActiveCfg = Debug|Any CPU
		{9BE47992-FEFC-4042-A49A-666255AA18D8}.Debug|Any CPU.Build.0 = Debug|Any CPU
		{9BE47992-FEFC-4042-A49A-666255AA18D8}.Release|Any CPU.ActiveCfg = Release|Any CPU
		{9BE47992-FEFC-4042-A49A-666255AA18D8}.Release|Any CPU.Build.0 = Release|Any CPU
		{D23B75DE-5099-432E-BE81-7DACDD83206B}.Debug|Any CPU.ActiveCfg = Debug|Any CPU
		{D23B75DE-5099-432E-BE81-7DACDD83206B}.Debug|Any CPU.Build.0 = Debug|Any CPU
		{D23B75DE-5099-432E-BE81-7DACDD83206B}.Release|Any CPU.ActiveCfg = Release|Any CPU
		{D23B75DE-5099-432E-BE81-7DACDD83206B}.Release|Any CPU.Build.0 = Release|Any CPU
		{1DD792BA-FA16-4737-A27E-B0DC38DC4A93}.Debug|Any CPU.ActiveCfg = Debug|Any CPU
		{1DD792BA-FA16-4737-A27E-B0DC38DC4A93}.Debug|Any CPU.Build.0 = Debug|Any CPU
		{1DD792BA-FA16-4737-A27E-B0DC38DC4A93}.Release|Any CPU.ActiveCfg = Release|Any CPU
		{1DD792BA-FA16-4737-A27E-B0DC38DC4A93}.Release|Any CPU.Build.0 = Release|Any CPU
		{ED2E8DC4-C0AC-4701-8CBE-66B3AFA75E12}.Debug|Any CPU.ActiveCfg = Debug|Any CPU
		{ED2E8DC4-C0AC-4701-8CBE-66B3AFA75E12}.Debug|Any CPU.Build.0 = Debug|Any CPU
		{ED2E8DC4-C0AC-4701-8CBE-66B3AFA75E12}.Release|Any CPU.ActiveCfg = Release|Any CPU
		{ED2E8DC4-C0AC-4701-8CBE-66B3AFA75E12}.Release|Any CPU.Build.0 = Release|Any CPU
		{A2835C92-342B-4CAE-8F2B-7B0001BE5511}.Debug|Any CPU.ActiveCfg = Debug|Any CPU
		{A2835C92-342B-4CAE-8F2B-7B0001BE5511}.Debug|Any CPU.Build.0 = Debug|Any CPU
		{A2835C92-342B-4CAE-8F2B-7B0001BE5511}.Release|Any CPU.ActiveCfg = Release|Any CPU
		{A2835C92-342B-4CAE-8F2B-7B0001BE5511}.Release|Any CPU.Build.0 = Release|Any CPU
	EndGlobalSection
EndGlobal
